
Microsoft Visual Studio Solution File, Format Version 12.00
# Visual Studio 14
VisualStudioVersion = 14.0.25123.0
MinimumVisualStudioVersion = 10.0.40219.1
Project("{8BC9CEB8-8B4A-11D0-8D11-00A0C91BC942}") = "restformance", "restformance\restformance.vcxproj", "{8C74EB63-F39F-4B96-A868-E4E806067D15}"
EndProject
Project("{8BC9CEB8-8B4A-11D0-8D11-00A0C91BC942}") = "restformance_cli", "restformance_cli\restformance_cli.vcxproj", "{FA0B8843-A6D1-4122-B7F7-F8F6B84889DD}"
	ProjectSection(ProjectDependencies) = postProject
		{8C74EB63-F39F-4B96-A868-E4E806067D15} = {8C74EB63-F39F-4B96-A868-E4E806067D15}
	EndProjectSection
EndProject
Project("{8BC9CEB8-8B4A-11D0-8D11-00A0C91BC942}") = "restbalancer", "restbalancer\restbalancer.vcxproj", "{5C8EF9E6-1CBE-425C-90E1-032F9DBECD67}"
EndProject
Global
	GlobalSection(SolutionConfigurationPlatforms) = preSolution
		Debug|Win32 = Debug|Win32
		Debug|x64 = Debug|x64
		Release|Win32 = Release|Win32
		Release|x64 = Release|x64
	EndGlobalSection
	GlobalSection(ProjectConfigurationPlatforms) = postSolution
		{8C74EB63-F39F-4B96-A868-E4E806067D15}.Debug|Win32.ActiveCfg = Debug|Win32
		{8C74EB63-F39F-4B96-A868-E4E806067D15}.Debug|Win32.Build.0 = Debug|Win32
		{8C74EB63-F39F-4B96-A868-E4E806067D15}.Debug|x64.ActiveCfg = Debug|Win32
		{8C74EB63-F39F-4B96-A868-E4E806067D15}.Release|Win32.ActiveCfg = Release|Win32
		{8C74EB63-F39F-4B96-A868-E4E806067D15}.Release|Win32.Build.0 = Release|Win32
		{8C74EB63-F39F-4B96-A868-E4E806067D15}.Release|x64.ActiveCfg = Release|Win32
		{FA0B8843-A6D1-4122-B7F7-F8F6B84889DD}.Debug|Win32.ActiveCfg = Debug|Win32
		{FA0B8843-A6D1-4122-B7F7-F8F6B84889DD}.Debug|x64.ActiveCfg = Debug|Win32
		{FA0B8843-A6D1-4122-B7F7-F8F6B84889DD}.Release|Win32.ActiveCfg = Release|Win32
		{FA0B8843-A6D1-4122-B7F7-F8F6B84889DD}.Release|Win32.Build.0 = Release|Win32
		{FA0B8843-A6D1-4122-B7F7-F8F6B84889DD}.Release|x64.ActiveCfg = Release|Win32
		{5C8EF9E6-1CBE-425C-90E1-032F9DBECD67}.Debug|Win32.ActiveCfg = Debug|Win32
		{5C8EF9E6-1CBE-425C-90E1-032F9DBECD67}.Debug|Win32.Build.0 = Debug|Win32
		{5C8EF9E6-1CBE-425C-90E1-032F9DBECD67}.Debug|x64.ActiveCfg = Debug|x64
		{5C8EF9E6-1CBE-425C-90E1-032F9DBECD67}.Debug|x64.Build.0 = Debug|x64
		{5C8EF9E6-1CBE-425C-90E1-032F9DBECD67}.Release|Win32.ActiveCfg = Release|Win32
		{5C8EF9E6-1CBE-425C-90E1-032F9DBECD67}.Release|x64.ActiveCfg = Release|x64
		{5C8EF9E6-1CBE-425C-90E1-032F9DBECD67}.Release|x64.Build.0 = Release|x64
	EndGlobalSection
	GlobalSection(SolutionProperties) = preSolution
		HideSolutionNode = FALSE
	EndGlobalSection
EndGlobal
